
Microsoft Visual Studio Solution File, Format Version 12.00
# Visual Studio 15
VisualStudioVersion = 15.0.28307.106
MinimumVisualStudioVersion = 10.0.40219.1
Project("{9A19103F-16F7-4668-BE54-9A1E7A4F7556}") = "StorageMaster", "StorageMaster\StorageMaster.csproj", "{BB90150C-6B31-49AF-9653-BCFDA53C2243}"
EndProject
Project("{9A19103F-16F7-4668-BE54-9A1E7A4F7556}") = "StorageMaster.Tests.Structure", "StorageMaster.Tests.Structure\StorageMaster.Tests.Structure.csproj", "{BAE8420A-3D6D-43DD-894A-75B38FFC4EC9}"
EndProject
Global
	GlobalSection(SolutionConfigurationPlatforms) = preSolution
		Debug|Any CPU = Debug|Any CPU
		Release|Any CPU = Release|Any CPU
	EndGlobalSection
	GlobalSection(ProjectConfigurationPlatforms) = postSolution
		{BB90150C-6B31-49AF-9653-BCFDA53C2243}.Debug|Any CPU.ActiveCfg = Debug|Any CPU
		{BB90150C-6B31-49AF-9653-BCFDA53C2243}.Debug|Any CPU.Build.0 = Debug|Any CPU
		{BB90150C-6B31-49AF-9653-BCFDA53C2243}.Release|Any CPU.ActiveCfg = Release|Any CPU
		{BB90150C-6B31-49AF-9653-BCFDA53C2243}.Release|Any CPU.Build.0 = Release|Any CPU
		{BAE8420A-3D6D-43DD-894A-75B38FFC4EC9}.Debug|Any CPU.ActiveCfg = Debug|Any CPU
		{BAE8420A-3D6D-43DD-894A-75B38FFC4EC9}.Debug|Any CPU.Build.0 = Debug|Any CPU
		{BAE8420A-3D6D-43DD-894A-75B38FFC4EC9}.Release|Any CPU.ActiveCfg = Release|Any CPU
		{BAE8420A-3D6D-43DD-894A-75B38FFC4EC9}.Release|Any CPU.Build.0 = Release|Any CPU
	EndGlobalSection
	GlobalSection(SolutionProperties) = preSolution
		HideSolutionNode = FALSE
	EndGlobalSection
	GlobalSection(ExtensibilityGlobals) = postSolution
		SolutionGuid = {3E2A32F4-5C9D-45D1-83BA-FAC582C032E5}
	EndGlobalSection
EndGlobal
